// !$*UTF8*$!
{
	archiveVersion = 1;
	classes = {
	};
	objectVersion = 55;
	objects = {

/* Begin PBXBuildFile section */
		28D2BD9045F1CD046BBBB4F2 /* Pods_TwitterCloneMVVM.framework in Frameworks */ = {isa = PBXBuildFile; fileRef = CB7E8B7F052FAB0FA1950E4C /* Pods_TwitterCloneMVVM.framework */; };
		E1A5F1AC2985663E00F4597A /* EditProfileController.swift in Sources */ = {isa = PBXBuildFile; fileRef = E1A5F1AB2985663E00F4597A /* EditProfileController.swift */; };
		E1A5F1AE2985B1E900F4597A /* EditProfileHeader.swift in Sources */ = {isa = PBXBuildFile; fileRef = E1A5F1AD2985B1E900F4597A /* EditProfileHeader.swift */; };
		E1A5F1B02985BBFC00F4597A /* EditProfileViewModel.swift in Sources */ = {isa = PBXBuildFile; fileRef = E1A5F1AF2985BBFC00F4597A /* EditProfileViewModel.swift */; };
		E1A5F1B22985BC7400F4597A /* EditProfileCell.swift in Sources */ = {isa = PBXBuildFile; fileRef = E1A5F1B12985BC7400F4597A /* EditProfileCell.swift */; };
		E1F8DDB2294FA7F600D29E35 /* AppDelegate.swift in Sources */ = {isa = PBXBuildFile; fileRef = E1F8DDB1294FA7F600D29E35 /* AppDelegate.swift */; };
		E1F8DDB4294FA7F600D29E35 /* SceneDelegate.swift in Sources */ = {isa = PBXBuildFile; fileRef = E1F8DDB3294FA7F600D29E35 /* SceneDelegate.swift */; };
		E1F8DDB9294FA7F600D29E35 /* Main.storyboard in Resources */ = {isa = PBXBuildFile; fileRef = E1F8DDB7294FA7F600D29E35 /* Main.storyboard */; };
		E1F8DDBB294FA7F800D29E35 /* Assets.xcassets in Resources */ = {isa = PBXBuildFile; fileRef = E1F8DDBA294FA7F800D29E35 /* Assets.xcassets */; };
		E1F8DDBE294FA7F800D29E35 /* LaunchScreen.storyboard in Resources */ = {isa = PBXBuildFile; fileRef = E1F8DDBC294FA7F800D29E35 /* LaunchScreen.storyboard */; };
		E1F8DDCD294FA93300D29E35 /* MainTabController.swift in Sources */ = {isa = PBXBuildFile; fileRef = E1F8DDCC294FA93300D29E35 /* MainTabController.swift */; };
		E1F8DDCF294FAA7800D29E35 /* FeedController.swift in Sources */ = {isa = PBXBuildFile; fileRef = E1F8DDCE294FAA7800D29E35 /* FeedController.swift */; };
		E1F8DDD2294FAAB400D29E35 /* ExploreController.swift in Sources */ = {isa = PBXBuildFile; fileRef = E1F8DDD1294FAAB400D29E35 /* ExploreController.swift */; };
		E1F8DDD4294FAAC700D29E35 /* NotificationsController.swift in Sources */ = {isa = PBXBuildFile; fileRef = E1F8DDD3294FAAC700D29E35 /* NotificationsController.swift */; };
		E1F8DDD6294FAAD800D29E35 /* ConversationController.swift in Sources */ = {isa = PBXBuildFile; fileRef = E1F8DDD5294FAAD800D29E35 /* ConversationController.swift */; };
		E1F8DDD8294FB9A500D29E35 /* Constants.swift in Sources */ = {isa = PBXBuildFile; fileRef = E1F8DDD7294FB9A500D29E35 /* Constants.swift */; };
		E1F8DDDC294FC2CB00D29E35 /* ColorExtensions.swift in Sources */ = {isa = PBXBuildFile; fileRef = E1F8DDDB294FC2CB00D29E35 /* ColorExtensions.swift */; };
		E1F8DDDF294FCD1500D29E35 /* LoginController.swift in Sources */ = {isa = PBXBuildFile; fileRef = E1F8DDDE294FCD1500D29E35 /* LoginController.swift */; };
		E1F8DDE1294FCD8400D29E35 /* SignupController.swift in Sources */ = {isa = PBXBuildFile; fileRef = E1F8DDE0294FCD8400D29E35 /* SignupController.swift */; };
		E1F8DDE32950FF2B00D29E35 /* UIComponentsExtension.swift in Sources */ = {isa = PBXBuildFile; fileRef = E1F8DDE22950FF2B00D29E35 /* UIComponentsExtension.swift */; };
		E1F8DDE5295123D700D29E35 /* GoogleService-Info.plist in Resources */ = {isa = PBXBuildFile; fileRef = E1F8DDE4295123D700D29E35 /* GoogleService-Info.plist */; };
		E1F8DDE72952726A00D29E35 /* AuthService.swift in Sources */ = {isa = PBXBuildFile; fileRef = E1F8DDE62952726A00D29E35 /* AuthService.swift */; };
		E1F8DDE92964E38900D29E35 /* ConstraintExtension.swift in Sources */ = {isa = PBXBuildFile; fileRef = E1F8DDE82964E38900D29E35 /* ConstraintExtension.swift */; };
		E1F8DDEB296512C800D29E35 /* UserService.swift in Sources */ = {isa = PBXBuildFile; fileRef = E1F8DDEA296512C800D29E35 /* UserService.swift */; };
		E1F8DDED2965155900D29E35 /* User.swift in Sources */ = {isa = PBXBuildFile; fileRef = E1F8DDEC2965155900D29E35 /* User.swift */; };
		E1F8DDEF29661B7100D29E35 /* UploadTweetController.swift in Sources */ = {isa = PBXBuildFile; fileRef = E1F8DDEE29661B7100D29E35 /* UploadTweetController.swift */; };
		E1F8DDF129662A6000D29E35 /* InputTextView.swift in Sources */ = {isa = PBXBuildFile; fileRef = E1F8DDF029662A6000D29E35 /* InputTextView.swift */; };
		E1F8DDF32966323F00D29E35 /* TweetService.swift in Sources */ = {isa = PBXBuildFile; fileRef = E1F8DDF22966323F00D29E35 /* TweetService.swift */; };
		E1F8DDF529677A3D00D29E35 /* Tweet.swift in Sources */ = {isa = PBXBuildFile; fileRef = E1F8DDF429677A3D00D29E35 /* Tweet.swift */; };
		E1F8DDF7296794A600D29E35 /* TweetCell.swift in Sources */ = {isa = PBXBuildFile; fileRef = E1F8DDF6296794A600D29E35 /* TweetCell.swift */; };
		E1F8DDF92968689C00D29E35 /* TweetViewModel.swift in Sources */ = {isa = PBXBuildFile; fileRef = E1F8DDF82968689C00D29E35 /* TweetViewModel.swift */; };
		E1F8DDFB2968DFC700D29E35 /* ProfileController.swift in Sources */ = {isa = PBXBuildFile; fileRef = E1F8DDFA2968DFC700D29E35 /* ProfileController.swift */; };
		E1F8DDFD2968EF7900D29E35 /* ProfileHeader.swift in Sources */ = {isa = PBXBuildFile; fileRef = E1F8DDFC2968EF7900D29E35 /* ProfileHeader.swift */; };
		E1F8DDFF296C5E6F00D29E35 /* ProfileFilterView.swift in Sources */ = {isa = PBXBuildFile; fileRef = E1F8DDFE296C5E6F00D29E35 /* ProfileFilterView.swift */; };
		E1F8DE01296C9E8200D29E35 /* ProfileFilterCell.swift in Sources */ = {isa = PBXBuildFile; fileRef = E1F8DE00296C9E8200D29E35 /* ProfileFilterCell.swift */; };
		E1F8DE03296CAECB00D29E35 /* ProfileViewModel.swift in Sources */ = {isa = PBXBuildFile; fileRef = E1F8DE02296CAECB00D29E35 /* ProfileViewModel.swift */; };
		E1F8DE052970170C00D29E35 /* UserCell.swift in Sources */ = {isa = PBXBuildFile; fileRef = E1F8DE042970170C00D29E35 /* UserCell.swift */; };
		E1F8DE0929716A0000D29E35 /* TweetController.swift in Sources */ = {isa = PBXBuildFile; fileRef = E1F8DE0829716A0000D29E35 /* TweetController.swift */; };
		E1F8DE0B29716FC200D29E35 /* TweetHeader.swift in Sources */ = {isa = PBXBuildFile; fileRef = E1F8DE0A29716FC200D29E35 /* TweetHeader.swift */; };
		E1F8DE10297234DF00D29E35 /* UploadTweetViewModel.swift in Sources */ = {isa = PBXBuildFile; fileRef = E1F8DE0F297234DF00D29E35 /* UploadTweetViewModel.swift */; };
		E1F8DE12297483BB00D29E35 /* ActionSheetLauncher.swift in Sources */ = {isa = PBXBuildFile; fileRef = E1F8DE11297483BB00D29E35 /* ActionSheetLauncher.swift */; };
		E1F8DE142974A29F00D29E35 /* ActionSheetCell.swift in Sources */ = {isa = PBXBuildFile; fileRef = E1F8DE132974A29F00D29E35 /* ActionSheetCell.swift */; };
		E1F8DE162974BD5100D29E35 /* ActionSheetViewModel.swift in Sources */ = {isa = PBXBuildFile; fileRef = E1F8DE152974BD5100D29E35 /* ActionSheetViewModel.swift */; };
		E1F8DE182979F6D900D29E35 /* Notification.swift in Sources */ = {isa = PBXBuildFile; fileRef = E1F8DE172979F6D900D29E35 /* Notification.swift */; };
		E1F8DE1A2979FA4300D29E35 /* NotificationService.swift in Sources */ = {isa = PBXBuildFile; fileRef = E1F8DE192979FA4300D29E35 /* NotificationService.swift */; };
		E1F8DE1C297DBEDC00D29E35 /* NotificationCell.swift in Sources */ = {isa = PBXBuildFile; fileRef = E1F8DE1B297DBEDC00D29E35 /* NotificationCell.swift */; };
		E1F8DE1F297DE9B400D29E35 /* NotificationViewModel.swift in Sources */ = {isa = PBXBuildFile; fileRef = E1F8DE1E297DE9B400D29E35 /* NotificationViewModel.swift */; };
/* End PBXBuildFile section */

/* Begin PBXFileReference section */
		2E7684320AA212288D7921B4 /* Pods-TwitterCloneMVVM.debug.xcconfig */ = {isa = PBXFileReference; includeInIndex = 1; lastKnownFileType = text.xcconfig; name = "Pods-TwitterCloneMVVM.debug.xcconfig"; path = "Target Support Files/Pods-TwitterCloneMVVM/Pods-TwitterCloneMVVM.debug.xcconfig"; sourceTree = "<group>"; };
		C2D86D92869CFC23C5324BE2 /* Pods-TwitterCloneMVVM.release.xcconfig */ = {isa = PBXFileReference; includeInIndex = 1; lastKnownFileType = text.xcconfig; name = "Pods-TwitterCloneMVVM.release.xcconfig"; path = "Target Support Files/Pods-TwitterCloneMVVM/Pods-TwitterCloneMVVM.release.xcconfig"; sourceTree = "<group>"; };
		CB7E8B7F052FAB0FA1950E4C /* Pods_TwitterCloneMVVM.framework */ = {isa = PBXFileReference; explicitFileType = wrapper.framework; includeInIndex = 0; path = Pods_TwitterCloneMVVM.framework; sourceTree = BUILT_PRODUCTS_DIR; };
		E1A5F1AB2985663E00F4597A /* EditProfileController.swift */ = {isa = PBXFileReference; lastKnownFileType = sourcecode.swift; path = EditProfileController.swift; sourceTree = "<group>"; };
		E1A5F1AD2985B1E900F4597A /* EditProfileHeader.swift */ = {isa = PBXFileReference; lastKnownFileType = sourcecode.swift; path = EditProfileHeader.swift; sourceTree = "<group>"; };
		E1A5F1AF2985BBFC00F4597A /* EditProfileViewModel.swift */ = {isa = PBXFileReference; lastKnownFileType = sourcecode.swift; path = EditProfileViewModel.swift; sourceTree = "<group>"; };
		E1A5F1B12985BC7400F4597A /* EditProfileCell.swift */ = {isa = PBXFileReference; lastKnownFileType = sourcecode.swift; path = EditProfileCell.swift; sourceTree = "<group>"; };
		E1F8DDAE294FA7F600D29E35 /* TwitterCloneMVVM.app */ = {isa = PBXFileReference; explicitFileType = wrapper.application; includeInIndex = 0; path = TwitterCloneMVVM.app; sourceTree = BUILT_PRODUCTS_DIR; };
		E1F8DDB1294FA7F600D29E35 /* AppDelegate.swift */ = {isa = PBXFileReference; lastKnownFileType = sourcecode.swift; path = AppDelegate.swift; sourceTree = "<group>"; };
		E1F8DDB3294FA7F600D29E35 /* SceneDelegate.swift */ = {isa = PBXFileReference; lastKnownFileType = sourcecode.swift; path = SceneDelegate.swift; sourceTree = "<group>"; };
		E1F8DDB8294FA7F600D29E35 /* Base */ = {isa = PBXFileReference; lastKnownFileType = file.storyboard; name = Base; path = Base.lproj/Main.storyboard; sourceTree = "<group>"; };
		E1F8DDBA294FA7F800D29E35 /* Assets.xcassets */ = {isa = PBXFileReference; lastKnownFileType = folder.assetcatalog; path = Assets.xcassets; sourceTree = "<group>"; };
		E1F8DDBD294FA7F800D29E35 /* Base */ = {isa = PBXFileReference; lastKnownFileType = file.storyboard; name = Base; path = Base.lproj/LaunchScreen.storyboard; sourceTree = "<group>"; };
		E1F8DDBF294FA7F800D29E35 /* Info.plist */ = {isa = PBXFileReference; lastKnownFileType = text.plist.xml; path = Info.plist; sourceTree = "<group>"; };
		E1F8DDCC294FA93300D29E35 /* MainTabController.swift */ = {isa = PBXFileReference; lastKnownFileType = sourcecode.swift; path = MainTabController.swift; sourceTree = "<group>"; };
		E1F8DDCE294FAA7800D29E35 /* FeedController.swift */ = {isa = PBXFileReference; lastKnownFileType = sourcecode.swift; path = FeedController.swift; sourceTree = "<group>"; };
		E1F8DDD1294FAAB400D29E35 /* ExploreController.swift */ = {isa = PBXFileReference; lastKnownFileType = sourcecode.swift; path = ExploreController.swift; sourceTree = "<group>"; };
		E1F8DDD3294FAAC700D29E35 /* NotificationsController.swift */ = {isa = PBXFileReference; lastKnownFileType = sourcecode.swift; path = NotificationsController.swift; sourceTree = "<group>"; };
		E1F8DDD5294FAAD800D29E35 /* ConversationController.swift */ = {isa = PBXFileReference; lastKnownFileType = sourcecode.swift; path = ConversationController.swift; sourceTree = "<group>"; };
		E1F8DDD7294FB9A500D29E35 /* Constants.swift */ = {isa = PBXFileReference; lastKnownFileType = sourcecode.swift; path = Constants.swift; sourceTree = "<group>"; };
		E1F8DDDB294FC2CB00D29E35 /* ColorExtensions.swift */ = {isa = PBXFileReference; lastKnownFileType = sourcecode.swift; path = ColorExtensions.swift; sourceTree = "<group>"; };
		E1F8DDDE294FCD1500D29E35 /* LoginController.swift */ = {isa = PBXFileReference; lastKnownFileType = sourcecode.swift; path = LoginController.swift; sourceTree = "<group>"; };
		E1F8DDE0294FCD8400D29E35 /* SignupController.swift */ = {isa = PBXFileReference; lastKnownFileType = sourcecode.swift; path = SignupController.swift; sourceTree = "<group>"; };
		E1F8DDE22950FF2B00D29E35 /* UIComponentsExtension.swift */ = {isa = PBXFileReference; lastKnownFileType = sourcecode.swift; path = UIComponentsExtension.swift; sourceTree = "<group>"; };
		E1F8DDE4295123D700D29E35 /* GoogleService-Info.plist */ = {isa = PBXFileReference; lastKnownFileType = text.plist; path = "GoogleService-Info.plist"; sourceTree = SOURCE_ROOT; };
		E1F8DDE62952726A00D29E35 /* AuthService.swift */ = {isa = PBXFileReference; lastKnownFileType = sourcecode.swift; path = AuthService.swift; sourceTree = "<group>"; };
		E1F8DDE82964E38900D29E35 /* ConstraintExtension.swift */ = {isa = PBXFileReference; lastKnownFileType = sourcecode.swift; path = ConstraintExtension.swift; sourceTree = "<group>"; };
		E1F8DDEA296512C800D29E35 /* UserService.swift */ = {isa = PBXFileReference; lastKnownFileType = sourcecode.swift; path = UserService.swift; sourceTree = "<group>"; };
		E1F8DDEC2965155900D29E35 /* User.swift */ = {isa = PBXFileReference; lastKnownFileType = sourcecode.swift; path = User.swift; sourceTree = "<group>"; };
		E1F8DDEE29661B7100D29E35 /* UploadTweetController.swift */ = {isa = PBXFileReference; lastKnownFileType = sourcecode.swift; path = UploadTweetController.swift; sourceTree = "<group>"; };
		E1F8DDF029662A6000D29E35 /* InputTextView.swift */ = {isa = PBXFileReference; lastKnownFileType = sourcecode.swift; path = InputTextView.swift; sourceTree = "<group>"; };
		E1F8DDF22966323F00D29E35 /* TweetService.swift */ = {isa = PBXFileReference; lastKnownFileType = sourcecode.swift; path = TweetService.swift; sourceTree = "<group>"; };
		E1F8DDF429677A3D00D29E35 /* Tweet.swift */ = {isa = PBXFileReference; lastKnownFileType = sourcecode.swift; path = Tweet.swift; sourceTree = "<group>"; };
		E1F8DDF6296794A600D29E35 /* TweetCell.swift */ = {isa = PBXFileReference; lastKnownFileType = sourcecode.swift; path = TweetCell.swift; sourceTree = "<group>"; };
		E1F8DDF82968689C00D29E35 /* TweetViewModel.swift */ = {isa = PBXFileReference; lastKnownFileType = sourcecode.swift; path = TweetViewModel.swift; sourceTree = "<group>"; };
		E1F8DDFA2968DFC700D29E35 /* ProfileController.swift */ = {isa = PBXFileReference; lastKnownFileType = sourcecode.swift; path = ProfileController.swift; sourceTree = "<group>"; };
		E1F8DDFC2968EF7900D29E35 /* ProfileHeader.swift */ = {isa = PBXFileReference; lastKnownFileType = sourcecode.swift; path = ProfileHeader.swift; sourceTree = "<group>"; };
		E1F8DDFE296C5E6F00D29E35 /* ProfileFilterView.swift */ = {isa = PBXFileReference; lastKnownFileType = sourcecode.swift; path = ProfileFilterView.swift; sourceTree = "<group>"; };
		E1F8DE00296C9E8200D29E35 /* ProfileFilterCell.swift */ = {isa = PBXFileReference; lastKnownFileType = sourcecode.swift; path = ProfileFilterCell.swift; sourceTree = "<group>"; };
		E1F8DE02296CAECB00D29E35 /* ProfileViewModel.swift */ = {isa = PBXFileReference; lastKnownFileType = sourcecode.swift; path = ProfileViewModel.swift; sourceTree = "<group>"; };
		E1F8DE042970170C00D29E35 /* UserCell.swift */ = {isa = PBXFileReference; lastKnownFileType = sourcecode.swift; path = UserCell.swift; sourceTree = "<group>"; };
		E1F8DE0829716A0000D29E35 /* TweetController.swift */ = {isa = PBXFileReference; lastKnownFileType = sourcecode.swift; path = TweetController.swift; sourceTree = "<group>"; };
		E1F8DE0A29716FC200D29E35 /* TweetHeader.swift */ = {isa = PBXFileReference; lastKnownFileType = sourcecode.swift; path = TweetHeader.swift; sourceTree = "<group>"; };
		E1F8DE0F297234DF00D29E35 /* UploadTweetViewModel.swift */ = {isa = PBXFileReference; lastKnownFileType = sourcecode.swift; path = UploadTweetViewModel.swift; sourceTree = "<group>"; };
		E1F8DE11297483BB00D29E35 /* ActionSheetLauncher.swift */ = {isa = PBXFileReference; lastKnownFileType = sourcecode.swift; path = ActionSheetLauncher.swift; sourceTree = "<group>"; };
		E1F8DE132974A29F00D29E35 /* ActionSheetCell.swift */ = {isa = PBXFileReference; lastKnownFileType = sourcecode.swift; path = ActionSheetCell.swift; sourceTree = "<group>"; };
		E1F8DE152974BD5100D29E35 /* ActionSheetViewModel.swift */ = {isa = PBXFileReference; lastKnownFileType = sourcecode.swift; path = ActionSheetViewModel.swift; sourceTree = "<group>"; };
		E1F8DE172979F6D900D29E35 /* Notification.swift */ = {isa = PBXFileReference; lastKnownFileType = sourcecode.swift; path = Notification.swift; sourceTree = "<group>"; };
		E1F8DE192979FA4300D29E35 /* NotificationService.swift */ = {isa = PBXFileReference; lastKnownFileType = sourcecode.swift; path = NotificationService.swift; sourceTree = "<group>"; };
		E1F8DE1B297DBEDC00D29E35 /* NotificationCell.swift */ = {isa = PBXFileReference; lastKnownFileType = sourcecode.swift; path = NotificationCell.swift; sourceTree = "<group>"; };
		E1F8DE1E297DE9B400D29E35 /* NotificationViewModel.swift */ = {isa = PBXFileReference; lastKnownFileType = sourcecode.swift; path = NotificationViewModel.swift; sourceTree = "<group>"; };
/* End PBXFileReference section */

/* Begin PBXFrameworksBuildPhase section */
		E1F8DDAB294FA7F600D29E35 /* Frameworks */ = {
			isa = PBXFrameworksBuildPhase;
			buildActionMask = 2147483647;
			files = (
				28D2BD9045F1CD046BBBB4F2 /* Pods_TwitterCloneMVVM.framework in Frameworks */,
			);
			runOnlyForDeploymentPostprocessing = 0;
		};
/* End PBXFrameworksBuildPhase section */

/* Begin PBXGroup section */
		8BFB5798AB84356B3DDF7C2E /* Pods */ = {
			isa = PBXGroup;
			children = (
				2E7684320AA212288D7921B4 /* Pods-TwitterCloneMVVM.debug.xcconfig */,
				C2D86D92869CFC23C5324BE2 /* Pods-TwitterCloneMVVM.release.xcconfig */,
			);
			path = Pods;
			sourceTree = "<group>";
		};
		E1F8DDA5294FA7F600D29E35 = {
			isa = PBXGroup;
			children = (
				E1F8DDB0294FA7F600D29E35 /* TwitterCloneMVVM */,
				E1F8DDAF294FA7F600D29E35 /* Products */,
				8BFB5798AB84356B3DDF7C2E /* Pods */,
				EFB3DF62BCBA951A58D54508 /* Frameworks */,
			);
			sourceTree = "<group>";
		};
		E1F8DDAF294FA7F600D29E35 /* Products */ = {
			isa = PBXGroup;
			children = (
				E1F8DDAE294FA7F600D29E35 /* TwitterCloneMVVM.app */,
			);
			name = Products;
			sourceTree = "<group>";
		};
		E1F8DDB0294FA7F600D29E35 /* TwitterCloneMVVM */ = {
			isa = PBXGroup;
			children = (
				E1F8DDCB294FA8AA00D29E35 /* Aplication */,
				E1F8DDC9294FA86B00D29E35 /* Model */,
				E1F8DDCA294FA88D00D29E35 /* View */,
				E1F8DDC8294FA86800D29E35 /* ViewModels */,
				E1F8DDC7294FA86700D29E35 /* Controllers */,
				E1F8DDC6294FA86500D29E35 /* Service */,
				E1F8DDC5294FA86000D29E35 /* Utils */,
				E1F8DDB7294FA7F600D29E35 /* Main.storyboard */,
				E1F8DDBA294FA7F800D29E35 /* Assets.xcassets */,
				E1F8DDBC294FA7F800D29E35 /* LaunchScreen.storyboard */,
				E1F8DDE4295123D700D29E35 /* GoogleService-Info.plist */,
				E1F8DDBF294FA7F800D29E35 /* Info.plist */,
			);
			path = TwitterCloneMVVM;
			sourceTree = "<group>";
		};
		E1F8DDC5294FA86000D29E35 /* Utils */ = {
			isa = PBXGroup;
			children = (
				E1F8DDD7294FB9A500D29E35 /* Constants.swift */,
				E1F8DDDB294FC2CB00D29E35 /* ColorExtensions.swift */,
				E1F8DDE22950FF2B00D29E35 /* UIComponentsExtension.swift */,
				E1F8DDE82964E38900D29E35 /* ConstraintExtension.swift */,
				E1F8DE11297483BB00D29E35 /* ActionSheetLauncher.swift */,
			);
			path = Utils;
			sourceTree = "<group>";
		};
		E1F8DDC6294FA86500D29E35 /* Service */ = {
			isa = PBXGroup;
			children = (
				E1F8DDE62952726A00D29E35 /* AuthService.swift */,
				E1F8DDEA296512C800D29E35 /* UserService.swift */,
				E1F8DDF22966323F00D29E35 /* TweetService.swift */,
				E1F8DE192979FA4300D29E35 /* NotificationService.swift */,
			);
			path = Service;
			sourceTree = "<group>";
		};
		E1F8DDC7294FA86700D29E35 /* Controllers */ = {
			isa = PBXGroup;
			children = (
				E1F8DDCC294FA93300D29E35 /* MainTabController.swift */,
				E1F8DDEE29661B7100D29E35 /* UploadTweetController.swift */,
				E1F8DDFA2968DFC700D29E35 /* ProfileController.swift */,
				E1F8DE0829716A0000D29E35 /* TweetController.swift */,
				E1A5F1AB2985663E00F4597A /* EditProfileController.swift */,
				E1F8DDD0294FAA9700D29E35 /* TabControllers */,
				E1F8DDDD294FCD0300D29E35 /* Authentication */,
			);
			path = Controllers;
			sourceTree = "<group>";
		};
		E1F8DDC8294FA86800D29E35 /* ViewModels */ = {
			isa = PBXGroup;
			children = (
				E1F8DDF82968689C00D29E35 /* TweetViewModel.swift */,
				E1F8DE02296CAECB00D29E35 /* ProfileViewModel.swift */,
				E1F8DE0F297234DF00D29E35 /* UploadTweetViewModel.swift */,
				E1F8DE152974BD5100D29E35 /* ActionSheetViewModel.swift */,
				E1F8DE1E297DE9B400D29E35 /* NotificationViewModel.swift */,
				E1A5F1AF2985BBFC00F4597A /* EditProfileViewModel.swift */,
			);
			path = ViewModels;
			sourceTree = "<group>";
		};
		E1F8DDC9294FA86B00D29E35 /* Model */ = {
			isa = PBXGroup;
			children = (
				E1F8DDEC2965155900D29E35 /* User.swift */,
				E1F8DDF429677A3D00D29E35 /* Tweet.swift */,
				E1F8DE172979F6D900D29E35 /* Notification.swift */,
			);
			path = Model;
			sourceTree = "<group>";
		};
		E1F8DDCA294FA88D00D29E35 /* View */ = {
			isa = PBXGroup;
			children = (
				E1F8DE042970170C00D29E35 /* UserCell.swift */,
				E1F8DDF6296794A600D29E35 /* TweetCell.swift */,
				E1F8DE132974A29F00D29E35 /* ActionSheetCell.swift */,
				E1F8DE0D2971700C00D29E35 /* TweetView */,
				E1F8DE1D297DBF2C00D29E35 /* Notifications */,
				E1F8DE0C29716FCE00D29E35 /* ProfileView */,
			);
			path = View;
			sourceTree = "<group>";
		};
		E1F8DDCB294FA8AA00D29E35 /* Aplication */ = {
			isa = PBXGroup;
			children = (
				E1F8DDB3294FA7F600D29E35 /* SceneDelegate.swift */,
				E1F8DDB1294FA7F600D29E35 /* AppDelegate.swift */,
			);
			path = Aplication;
			sourceTree = "<group>";
		};
		E1F8DDD0294FAA9700D29E35 /* TabControllers */ = {
			isa = PBXGroup;
			children = (
				E1F8DDCE294FAA7800D29E35 /* FeedController.swift */,
				E1F8DDD1294FAAB400D29E35 /* ExploreController.swift */,
				E1F8DDD3294FAAC700D29E35 /* NotificationsController.swift */,
				E1F8DDD5294FAAD800D29E35 /* ConversationController.swift */,
			);
			path = TabControllers;
			sourceTree = "<group>";
		};
		E1F8DDDD294FCD0300D29E35 /* Authentication */ = {
			isa = PBXGroup;
			children = (
				E1F8DDDE294FCD1500D29E35 /* LoginController.swift */,
				E1F8DDE0294FCD8400D29E35 /* SignupController.swift */,
			);
			path = Authentication;
			sourceTree = "<group>";
		};
		E1F8DE0C29716FCE00D29E35 /* ProfileView */ = {
			isa = PBXGroup;
			children = (
				E1F8DDFE296C5E6F00D29E35 /* ProfileFilterView.swift */,
				E1F8DDFC2968EF7900D29E35 /* ProfileHeader.swift */,
				E1F8DE00296C9E8200D29E35 /* ProfileFilterCell.swift */,
				E1A5F1AD2985B1E900F4597A /* EditProfileHeader.swift */,
				E1A5F1B12985BC7400F4597A /* EditProfileCell.swift */,
			);
			path = ProfileView;
			sourceTree = "<group>";
		};
		E1F8DE0D2971700C00D29E35 /* TweetView */ = {
			isa = PBXGroup;
			children = (
				E1F8DE0A29716FC200D29E35 /* TweetHeader.swift */,
				E1F8DDF029662A6000D29E35 /* InputTextView.swift */,
			);
			path = TweetView;
			sourceTree = "<group>";
		};
		E1F8DE1D297DBF2C00D29E35 /* Notifications */ = {
			isa = PBXGroup;
			children = (
				E1F8DE1B297DBEDC00D29E35 /* NotificationCell.swift */,
			);
			path = Notifications;
			sourceTree = "<group>";
		};
		EFB3DF62BCBA951A58D54508 /* Frameworks */ = {
			isa = PBXGroup;
			children = (
				CB7E8B7F052FAB0FA1950E4C /* Pods_TwitterCloneMVVM.framework */,
			);
			name = Frameworks;
			sourceTree = "<group>";
		};
/* End PBXGroup section */

/* Begin PBXNativeTarget section */
		E1F8DDAD294FA7F600D29E35 /* TwitterCloneMVVM */ = {
			isa = PBXNativeTarget;
			buildConfigurationList = E1F8DDC2294FA7F800D29E35 /* Build configuration list for PBXNativeTarget "TwitterCloneMVVM" */;
			buildPhases = (
				F2EFF8404F572C2E7A1DF481 /* [CP] Check Pods Manifest.lock */,
				E1F8DDAA294FA7F600D29E35 /* Sources */,
				E1F8DDAB294FA7F600D29E35 /* Frameworks */,
				E1F8DDAC294FA7F600D29E35 /* Resources */,
				CDC48CE8DF1892054110201D /* [CP] Embed Pods Frameworks */,
			);
			buildRules = (
			);
			dependencies = (
			);
			name = TwitterCloneMVVM;
			productName = TwitterCloneMVVM;
			productReference = E1F8DDAE294FA7F600D29E35 /* TwitterCloneMVVM.app */;
			productType = "com.apple.product-type.application";
		};
/* End PBXNativeTarget section */

/* Begin PBXProject section */
		E1F8DDA6294FA7F600D29E35 /* Project object */ = {
			isa = PBXProject;
			attributes = {
				BuildIndependentTargetsInParallel = 1;
				LastSwiftUpdateCheck = 1420;
				LastUpgradeCheck = 1420;
				TargetAttributes = {
					E1F8DDAD294FA7F600D29E35 = {
						CreatedOnToolsVersion = 14.2;
					};
				};
			};
			buildConfigurationList = E1F8DDA9294FA7F600D29E35 /* Build configuration list for PBXProject "TwitterCloneMVVM" */;
			compatibilityVersion = "Xcode 13.0";
			developmentRegion = en;
			hasScannedForEncodings = 0;
			knownRegions = (
				en,
				Base,
			);
			mainGroup = E1F8DDA5294FA7F600D29E35;
			productRefGroup = E1F8DDAF294FA7F600D29E35 /* Products */;
			projectDirPath = "";
			projectRoot = "";
			targets = (
				E1F8DDAD294FA7F600D29E35 /* TwitterCloneMVVM */,
			);
		};
/* End PBXProject section */

/* Begin PBXResourcesBuildPhase section */
		E1F8DDAC294FA7F600D29E35 /* Resources */ = {
			isa = PBXResourcesBuildPhase;
			buildActionMask = 2147483647;
			files = (
				E1F8DDBE294FA7F800D29E35 /* LaunchScreen.storyboard in Resources */,
				E1F8DDE5295123D700D29E35 /* GoogleService-Info.plist in Resources */,
				E1F8DDBB294FA7F800D29E35 /* Assets.xcassets in Resources */,
				E1F8DDB9294FA7F600D29E35 /* Main.storyboard in Resources */,
			);
			runOnlyForDeploymentPostprocessing = 0;
		};
/* End PBXResourcesBuildPhase section */

/* Begin PBXShellScriptBuildPhase section */
		CDC48CE8DF1892054110201D /* [CP] Embed Pods Frameworks */ = {
			isa = PBXShellScriptBuildPhase;
			buildActionMask = 2147483647;
			files = (
			);
			inputFileListPaths = (
				"${PODS_ROOT}/Target Support Files/Pods-TwitterCloneMVVM/Pods-TwitterCloneMVVM-frameworks-${CONFIGURATION}-input-files.xcfilelist",
			);
			name = "[CP] Embed Pods Frameworks";
			outputFileListPaths = (
				"${PODS_ROOT}/Target Support Files/Pods-TwitterCloneMVVM/Pods-TwitterCloneMVVM-frameworks-${CONFIGURATION}-output-files.xcfilelist",
			);
			runOnlyForDeploymentPostprocessing = 0;
			shellPath = /bin/sh;
			shellScript = "\"${PODS_ROOT}/Target Support Files/Pods-TwitterCloneMVVM/Pods-TwitterCloneMVVM-frameworks.sh\"\n";
			showEnvVarsInLog = 0;
		};
		F2EFF8404F572C2E7A1DF481 /* [CP] Check Pods Manifest.lock */ = {
			isa = PBXShellScriptBuildPhase;
			buildActionMask = 2147483647;
			files = (
			);
			inputFileListPaths = (
			);
			inputPaths = (
				"${PODS_PODFILE_DIR_PATH}/Podfile.lock",
				"${PODS_ROOT}/Manifest.lock",
			);
			name = "[CP] Check Pods Manifest.lock";
			outputFileListPaths = (
			);
			outputPaths = (
				"$(DERIVED_FILE_DIR)/Pods-TwitterCloneMVVM-checkManifestLockResult.txt",
			);
			runOnlyForDeploymentPostprocessing = 0;
			shellPath = /bin/sh;
			shellScript = "diff \"${PODS_PODFILE_DIR_PATH}/Podfile.lock\" \"${PODS_ROOT}/Manifest.lock\" > /dev/null\nif [ $? != 0 ] ; then\n    # print error to STDERR\n    echo \"error: The sandbox is not in sync with the Podfile.lock. Run 'pod install' or update your CocoaPods installation.\" >&2\n    exit 1\nfi\n# This output is used by Xcode 'outputs' to avoid re-running this script phase.\necho \"SUCCESS\" > \"${SCRIPT_OUTPUT_FILE_0}\"\n";
			showEnvVarsInLog = 0;
		};
/* End PBXShellScriptBuildPhase section */

/* Begin PBXSourcesBuildPhase section */
		E1F8DDAA294FA7F600D29E35 /* Sources */ = {
			isa = PBXSourcesBuildPhase;
			buildActionMask = 2147483647;
			files = (
				E1F8DDDF294FCD1500D29E35 /* LoginController.swift in Sources */,
				E1F8DDF32966323F00D29E35 /* TweetService.swift in Sources */,
				E1A5F1AE2985B1E900F4597A /* EditProfileHeader.swift in Sources */,
				E1F8DDE72952726A00D29E35 /* AuthService.swift in Sources */,
				E1F8DDE32950FF2B00D29E35 /* UIComponentsExtension.swift in Sources */,
				E1F8DE1A2979FA4300D29E35 /* NotificationService.swift in Sources */,
				E1F8DDD4294FAAC700D29E35 /* NotificationsController.swift in Sources */,
				E1F8DDEF29661B7100D29E35 /* UploadTweetController.swift in Sources */,
				E1F8DDED2965155900D29E35 /* User.swift in Sources */,
				E1A5F1B22985BC7400F4597A /* EditProfileCell.swift in Sources */,
				E1A5F1AC2985663E00F4597A /* EditProfileController.swift in Sources */,
				E1F8DE142974A29F00D29E35 /* ActionSheetCell.swift in Sources */,
				E1F8DDF129662A6000D29E35 /* InputTextView.swift in Sources */,
				E1F8DDFF296C5E6F00D29E35 /* ProfileFilterView.swift in Sources */,
				E1F8DDDC294FC2CB00D29E35 /* ColorExtensions.swift in Sources */,
				E1F8DDFB2968DFC700D29E35 /* ProfileController.swift in Sources */,
				E1F8DE03296CAECB00D29E35 /* ProfileViewModel.swift in Sources */,
				E1F8DE0B29716FC200D29E35 /* TweetHeader.swift in Sources */,
				E1F8DDE1294FCD8400D29E35 /* SignupController.swift in Sources */,
				E1F8DDB2294FA7F600D29E35 /* AppDelegate.swift in Sources */,
				E1F8DDF529677A3D00D29E35 /* Tweet.swift in Sources */,
				E1F8DDF92968689C00D29E35 /* TweetViewModel.swift in Sources */,
				E1F8DE01296C9E8200D29E35 /* ProfileFilterCell.swift in Sources */,
				E1F8DDFD2968EF7900D29E35 /* ProfileHeader.swift in Sources */,
				E1F8DDD2294FAAB400D29E35 /* ExploreController.swift in Sources */,
				E1F8DE0929716A0000D29E35 /* TweetController.swift in Sources */,
				E1F8DDB4294FA7F600D29E35 /* SceneDelegate.swift in Sources */,
				E1F8DE052970170C00D29E35 /* UserCell.swift in Sources */,
				E1F8DDE92964E38900D29E35 /* ConstraintExtension.swift in Sources */,
				E1F8DDF7296794A600D29E35 /* TweetCell.swift in Sources */,
				E1A5F1B02985BBFC00F4597A /* EditProfileViewModel.swift in Sources */,
				E1F8DDCD294FA93300D29E35 /* MainTabController.swift in Sources */,
				E1F8DDEB296512C800D29E35 /* UserService.swift in Sources */,
				E1F8DDD8294FB9A500D29E35 /* Constants.swift in Sources */,
				E1F8DE10297234DF00D29E35 /* UploadTweetViewModel.swift in Sources */,
				E1F8DE12297483BB00D29E35 /* ActionSheetLauncher.swift in Sources */,
				E1F8DE182979F6D900D29E35 /* Notification.swift in Sources */,
				E1F8DDD6294FAAD800D29E35 /* ConversationController.swift in Sources */,
				E1F8DE1C297DBEDC00D29E35 /* NotificationCell.swift in Sources */,
				E1F8DE162974BD5100D29E35 /* ActionSheetViewModel.swift in Sources */,
				E1F8DDCF294FAA7800D29E35 /* FeedController.swift in Sources */,
				E1F8DE1F297DE9B400D29E35 /* NotificationViewModel.swift in Sources */,
			);
			runOnlyForDeploymentPostprocessing = 0;
		};
/* End PBXSourcesBuildPhase section */

/* Begin PBXVariantGroup section */
		E1F8DDB7294FA7F600D29E35 /* Main.storyboard */ = {
			isa = PBXVariantGroup;
			children = (
				E1F8DDB8294FA7F600D29E35 /* Base */,
			);
			name = Main.storyboard;
			sourceTree = "<group>";
		};
		E1F8DDBC294FA7F800D29E35 /* LaunchScreen.storyboard */ = {
			isa = PBXVariantGroup;
			children = (
				E1F8DDBD294FA7F800D29E35 /* Base */,
			);
			name = LaunchScreen.storyboard;
			sourceTree = "<group>";
		};
/* End PBXVariantGroup section */

/* Begin XCBuildConfiguration section */
		E1F8DDC0294FA7F800D29E35 /* Debug */ = {
			isa = XCBuildConfiguration;
			buildSettings = {
				ALWAYS_SEARCH_USER_PATHS = NO;
				CLANG_ANALYZER_NONNULL = YES;
				CLANG_ANALYZER_NUMBER_OBJECT_CONVERSION = YES_AGGRESSIVE;
				CLANG_CXX_LANGUAGE_STANDARD = "gnu++20";
				CLANG_ENABLE_MODULES = YES;
				CLANG_ENABLE_OBJC_ARC = YES;
				CLANG_ENABLE_OBJC_WEAK = YES;
				CLANG_WARN_BLOCK_CAPTURE_AUTORELEASING = YES;
				CLANG_WARN_BOOL_CONVERSION = YES;
				CLANG_WARN_COMMA = YES;
				CLANG_WARN_CONSTANT_CONVERSION = YES;
				CLANG_WARN_DEPRECATED_OBJC_IMPLEMENTATIONS = YES;
				CLANG_WARN_DIRECT_OBJC_ISA_USAGE = YES_ERROR;
				CLANG_WARN_DOCUMENTATION_COMMENTS = YES;
				CLANG_WARN_EMPTY_BODY = YES;
				CLANG_WARN_ENUM_CONVERSION = YES;
				CLANG_WARN_INFINITE_RECURSION = YES;
				CLANG_WARN_INT_CONVERSION = YES;
				CLANG_WARN_NON_LITERAL_NULL_CONVERSION = YES;
				CLANG_WARN_OBJC_IMPLICIT_RETAIN_SELF = YES;
				CLANG_WARN_OBJC_LITERAL_CONVERSION = YES;
				CLANG_WARN_OBJC_ROOT_CLASS = YES_ERROR;
				CLANG_WARN_QUOTED_INCLUDE_IN_FRAMEWORK_HEADER = YES;
				CLANG_WARN_RANGE_LOOP_ANALYSIS = YES;
				CLANG_WARN_STRICT_PROTOTYPES = YES;
				CLANG_WARN_SUSPICIOUS_MOVE = YES;
				CLANG_WARN_UNGUARDED_AVAILABILITY = YES_AGGRESSIVE;
				CLANG_WARN_UNREACHABLE_CODE = YES;
				CLANG_WARN__DUPLICATE_METHOD_MATCH = YES;
				COPY_PHASE_STRIP = NO;
				DEBUG_INFORMATION_FORMAT = dwarf;
				ENABLE_STRICT_OBJC_MSGSEND = YES;
				ENABLE_TESTABILITY = YES;
				GCC_C_LANGUAGE_STANDARD = gnu11;
				GCC_DYNAMIC_NO_PIC = NO;
				GCC_NO_COMMON_BLOCKS = YES;
				GCC_OPTIMIZATION_LEVEL = 0;
				GCC_PREPROCESSOR_DEFINITIONS = (
					"DEBUG=1",
					"$(inherited)",
				);
				GCC_WARN_64_TO_32_BIT_CONVERSION = YES;
				GCC_WARN_ABOUT_RETURN_TYPE = YES_ERROR;
				GCC_WARN_UNDECLARED_SELECTOR = YES;
				GCC_WARN_UNINITIALIZED_AUTOS = YES_AGGRESSIVE;
				GCC_WARN_UNUSED_FUNCTION = YES;
				GCC_WARN_UNUSED_VARIABLE = YES;
				IPHONEOS_DEPLOYMENT_TARGET = 16.1;
				MTL_ENABLE_DEBUG_INFO = INCLUDE_SOURCE;
				MTL_FAST_MATH = YES;
				ONLY_ACTIVE_ARCH = YES;
				SDKROOT = iphoneos;
				SWIFT_ACTIVE_COMPILATION_CONDITIONS = DEBUG;
				SWIFT_OPTIMIZATION_LEVEL = "-Onone";
			};
			name = Debug;
		};
		E1F8DDC1294FA7F800D29E35 /* Release */ = {
			isa = XCBuildConfiguration;
			buildSettings = {
				ALWAYS_SEARCH_USER_PATHS = NO;
				CLANG_ANALYZER_NONNULL = YES;
				CLANG_ANALYZER_NUMBER_OBJECT_CONVERSION = YES_AGGRESSIVE;
				CLANG_CXX_LANGUAGE_STANDARD = "gnu++20";
				CLANG_ENABLE_MODULES = YES;
				CLANG_ENABLE_OBJC_ARC = YES;
				CLANG_ENABLE_OBJC_WEAK = YES;
				CLANG_WARN_BLOCK_CAPTURE_AUTORELEASING = YES;
				CLANG_WARN_BOOL_CONVERSION = YES;
				CLANG_WARN_COMMA = YES;
				CLANG_WARN_CONSTANT_CONVERSION = YES;
				CLANG_WARN_DEPRECATED_OBJC_IMPLEMENTATIONS = YES;
				CLANG_WARN_DIRECT_OBJC_ISA_USAGE = YES_ERROR;
				CLANG_WARN_DOCUMENTATION_COMMENTS = YES;
				CLANG_WARN_EMPTY_BODY = YES;
				CLANG_WARN_ENUM_CONVERSION = YES;
				CLANG_WARN_INFINITE_RECURSION = YES;
				CLANG_WARN_INT_CONVERSION = YES;
				CLANG_WARN_NON_LITERAL_NULL_CONVERSION = YES;
				CLANG_WARN_OBJC_IMPLICIT_RETAIN_SELF = YES;
				CLANG_WARN_OBJC_LITERAL_CONVERSION = YES;
				CLANG_WARN_OBJC_ROOT_CLASS = YES_ERROR;
				CLANG_WARN_QUOTED_INCLUDE_IN_FRAMEWORK_HEADER = YES;
				CLANG_WARN_RANGE_LOOP_ANALYSIS = YES;
				CLANG_WARN_STRICT_PROTOTYPES = YES;
				CLANG_WARN_SUSPICIOUS_MOVE = YES;
				CLANG_WARN_UNGUARDED_AVAILABILITY = YES_AGGRESSIVE;
				CLANG_WARN_UNREACHABLE_CODE = YES;
				CLANG_WARN__DUPLICATE_METHOD_MATCH = YES;
				COPY_PHASE_STRIP = NO;
				DEBUG_INFORMATION_FORMAT = "dwarf-with-dsym";
				ENABLE_NS_ASSERTIONS = NO;
				ENABLE_STRICT_OBJC_MSGSEND = YES;
				GCC_C_LANGUAGE_STANDARD = gnu11;
				GCC_NO_COMMON_BLOCKS = YES;
				GCC_WARN_64_TO_32_BIT_CONVERSION = YES;
				GCC_WARN_ABOUT_RETURN_TYPE = YES_ERROR;
				GCC_WARN_UNDECLARED_SELECTOR = YES;
				GCC_WARN_UNINITIALIZED_AUTOS = YES_AGGRESSIVE;
				GCC_WARN_UNUSED_FUNCTION = YES;
				GCC_WARN_UNUSED_VARIABLE = YES;
				IPHONEOS_DEPLOYMENT_TARGET = 16.1;
				MTL_ENABLE_DEBUG_INFO = NO;
				MTL_FAST_MATH = YES;
				SDKROOT = iphoneos;
				SWIFT_COMPILATION_MODE = wholemodule;
				SWIFT_OPTIMIZATION_LEVEL = "-O";
				VALIDATE_PRODUCT = YES;
			};
			name = Release;
		};
		E1F8DDC3294FA7F800D29E35 /* Debug */ = {
			isa = XCBuildConfiguration;
			baseConfigurationReference = 2E7684320AA212288D7921B4 /* Pods-TwitterCloneMVVM.debug.xcconfig */;
			buildSettings = {
				ASSETCATALOG_COMPILER_APPICON_NAME = AppIcon;
				ASSETCATALOG_COMPILER_GLOBAL_ACCENT_COLOR_NAME = AccentColor;
				CODE_SIGN_STYLE = Automatic;
				CURRENT_PROJECT_VERSION = 1;
				DEVELOPMENT_TEAM = KRQ8Y2FQP3;
				GENERATE_INFOPLIST_FILE = YES;
				INFOPLIST_FILE = TwitterCloneMVVM/Info.plist;
				INFOPLIST_KEY_UIApplicationSupportsIndirectInputEvents = YES;
				INFOPLIST_KEY_UILaunchStoryboardName = LaunchScreen;
				INFOPLIST_KEY_UIMainStoryboardFile = Main;
				INFOPLIST_KEY_UISupportedInterfaceOrientations_iPad = "UIInterfaceOrientationPortrait UIInterfaceOrientationPortraitUpsideDown UIInterfaceOrientationLandscapeLeft UIInterfaceOrientationLandscapeRight";
				INFOPLIST_KEY_UISupportedInterfaceOrientations_iPhone = "UIInterfaceOrientationPortrait UIInterfaceOrientationLandscapeLeft UIInterfaceOrientationLandscapeRight";
				LD_RUNPATH_SEARCH_PATHS = (
					"$(inherited)",
					"@executable_path/Frameworks",
				);
				MARKETING_VERSION = 1.0;
				PRODUCT_BUNDLE_IDENTIFIER = com.WallStudy.TwitterCloneMVVM;
				PRODUCT_NAME = "$(TARGET_NAME)";
				SWIFT_EMIT_LOC_STRINGS = YES;
				SWIFT_VERSION = 5.0;
				TARGETED_DEVICE_FAMILY = "1,2";
			};
			name = Debug;
		};
		E1F8DDC4294FA7F800D29E35 /* Release */ = {
			isa = XCBuildConfiguration;
			baseConfigurationReference = C2D86D92869CFC23C5324BE2 /* Pods-TwitterCloneMVVM.release.xcconfig */;
			buildSettings = {
				ASSETCATALOG_COMPILER_APPICON_NAME = AppIcon;
				ASSETCATALOG_COMPILER_GLOBAL_ACCENT_COLOR_NAME = AccentColor;
				CODE_SIGN_STYLE = Automatic;
				CURRENT_PROJECT_VERSION = 1;
				DEVELOPMENT_TEAM = KRQ8Y2FQP3;
				GENERATE_INFOPLIST_FILE = YES;
				INFOPLIST_FILE = TwitterCloneMVVM/Info.plist;
				INFOPLIST_KEY_UIApplicationSupportsIndirectInputEvents = YES;
				INFOPLIST_KEY_UILaunchStoryboardName = LaunchScreen;
				INFOPLIST_KEY_UIMainStoryboardFile = Main;
				INFOPLIST_KEY_UISupportedInterfaceOrientations_iPad = "UIInterfaceOrientationPortrait UIInterfaceOrientationPortraitUpsideDown UIInterfaceOrientationLandscapeLeft UIInterfaceOrientationLandscapeRight";
				INFOPLIST_KEY_UISupportedInterfaceOrientations_iPhone = "UIInterfaceOrientationPortrait UIInterfaceOrientationLandscapeLeft UIInterfaceOrientationLandscapeRight";
				LD_RUNPATH_SEARCH_PATHS = (
					"$(inherited)",
					"@executable_path/Frameworks",
				);
				MARKETING_VERSION = 1.0;
				PRODUCT_BUNDLE_IDENTIFIER = com.WallStudy.TwitterCloneMVVM;
				PRODUCT_NAME = "$(TARGET_NAME)";
				SWIFT_EMIT_LOC_STRINGS = YES;
				SWIFT_VERSION = 5.0;
				TARGETED_DEVICE_FAMILY = "1,2";
			};
			name = Release;
		};
/* End XCBuildConfiguration section */

/* Begin XCConfigurationList section */
		E1F8DDA9294FA7F600D29E35 /* Build configuration list for PBXProject "TwitterCloneMVVM" */ = {
			isa = XCConfigurationList;
			buildConfigurations = (
				E1F8DDC0294FA7F800D29E35 /* Debug */,
				E1F8DDC1294FA7F800D29E35 /* Release */,
			);
			defaultConfigurationIsVisible = 0;
			defaultConfigurationName = Release;
		};
		E1F8DDC2294FA7F800D29E35 /* Build configuration list for PBXNativeTarget "TwitterCloneMVVM" */ = {
			isa = XCConfigurationList;
			buildConfigurations = (
				E1F8DDC3294FA7F800D29E35 /* Debug */,
				E1F8DDC4294FA7F800D29E35 /* Release */,
			);
			defaultConfigurationIsVisible = 0;
			defaultConfigurationName = Release;
		};
/* End XCConfigurationList section */
	};
	rootObject = E1F8DDA6294FA7F600D29E35 /* Project object */;
}
